
Microsoft Visual Studio Solution File, Format Version 12.00
# Visual Studio Version 17
VisualStudioVersion = 17.2.32505.173
MinimumVisualStudioVersion = 10.0.40219.1
Project("{FAE04EC0-301F-11D3-BF4B-00C04F79EFBC}") = "233504-lab12", "233504-lab12.csproj", "{75D98C33-0BBE-48B7-84CA-7101DFD2A449}"
EndProject
Global
	GlobalSection(SolutionConfigurationPlatforms) = preSolution
		Debug|Any CPU = Debug|Any CPU
		Release|Any CPU = Release|Any CPU
	EndGlobalSection
	GlobalSection(ProjectConfigurationPlatforms) = postSolution
		{75D98C33-0BBE-48B7-84CA-7101DFD2A449}.Debug|Any CPU.ActiveCfg = Debug|Any CPU
		{75D98C33-0BBE-48B7-84CA-7101DFD2A449}.Debug|Any CPU.Build.0 = Debug|Any CPU
		{75D98C33-0BBE-48B7-84CA-7101DFD2A449}.Release|Any CPU.ActiveCfg = Release|Any CPU
		{75D98C33-0BBE-48B7-84CA-7101DFD2A449}.Release|Any CPU.Build.0 = Release|Any CPU
	EndGlobalSection
	GlobalSection(SolutionProperties) = preSolution
		HideSolutionNode = FALSE
	EndGlobalSection
	GlobalSection(ExtensibilityGlobals) = postSolution
		SolutionGuid = {CD5A7C09-9404-4595-9EAC-105721AA2B4F}
	EndGlobalSection
EndGlobal
